<?xml version="1.0" encoding="utf-8"?>
<Project ToolsVersion="4.0" xmlns="http://schemas.microsoft.com/developer/msbuild/2003">
  <ItemGroup>
    <ClCompile Include="main.cpp" />
    <ClCompile Include="Engine\Game.cpp" />
    <ClCompile Include="Engine\ECS\Vector2D.cpp" />
    <ClCompile Include="Engine\SceneManager\SceneManager.cpp" />
    <ClCompile Include="Engine\Texture\TextureManager.cpp" />
    <ClCompile Include="Engine\Camera.cpp" />
    <ClCompile Include="Game\Objects\Player.cpp" />
    <ClCompile Include="Game\Scene\GameScene.cpp" />
    <ClCompile Include="Game\Objects\Wall.cpp" />
    <ClCompile Include="Engine\Physics\Physics.cpp" />
    <ClCompile Include="Game\UI\TextUI.cpp" />
    <ClCompile Include="Engine\AssetManager\AssetManager.cpp" />
    <ClCompile Include="Game\Scene\MenuScene.cpp" />
    <ClCompile Include="Game\UI\UI.cpp" />
    <ClCompile Include="Game\Map\MapManager.cpp" />
    <ClCompile Include="Game\Scene\Scene.cpp" />
    <ClCompile Include="Game\Scene\LoadingScene.cpp" />
    <ClCompile Include="Engine\ECS\ECS.cpp" />
    <ClCompile Include="Game\Classes\Knight.cpp" />
    <ClCompile Include="Game\Classes\Wizard.cpp" />
    <ClCompile Include="Game\Enemy\Enemy.cpp" />
    <ClCompile Include="Game\Classes\HeroType.cpp" />
    <ClCompile Include="Engine\Quadtree\QuadtreeManager.cpp" />
    <ClCompile Include="Game\Objects\TestEntity.cpp" />
    <ClCompile Include="Engine\Quadtree\Quadtree.cpp" />
    <ClCompile Include="Game\Objects\Tile.cpp" />
    <ClCompile Include="Game\Scene\SettingsScene.cpp" />
    <ClCompile Include="Game\Scene\JoinScene.cpp" />
    <ClCompile Include="Game\Scene\LobbyScene.cpp" />
    <ClCompile Include="Game\UI\TextInputUI.cpp" />
    <ClCompile Include="Game\UI\DynamicUI.cpp" />
    <ClCompile Include="Game\Animation\Animator.cpp" />
    <ClCompile Include="Game\Objects\Mine.cpp" />
    <ClCompile Include="Engine\Physics\CollisionManager.cpp" />
    <ClCompile Include="Game\Objects\MineManager.cpp" />
    <ClCompile Include="Engine\Audio\AudioMixer.cpp" />
    <ClCompile Include="Engine\Audio\SoundFX.cpp" />
    <ClCompile Include="Game\AddOns\Sword.cpp" />
    <ClCompile Include="Game\AddOns\MovementBounds.cpp" />
    <ClCompile Include="Game\Map\MobArea.cpp" />
    <ClCompile Include="Game\AddOns\Projectile.cpp" />
    <ClCompile Include="Game\Objects\FireballWall.cpp" />
  </ItemGroup>
  <ItemGroup>
    <ClInclude Include="Engine\Game.h" />
    <ClInclude Include="Engine\ECS\Component.h" />
    <ClInclude Include="Engine\ECS\ECS.h" />
    <ClInclude Include="Engine\ECS\Entity.h" />
    <ClInclude Include="Engine\ECS\Vector2D.h" />
    <ClInclude Include="Engine\SceneManager\SceneManager.h" />
    <ClInclude Include="Engine\Texture\TextureManager.h" />
    <ClInclude Include="Engine\Camera.h" />
    <ClInclude Include="Game\Components\SpriteComponent.h" />
    <ClInclude Include="Game\Objects\Player.h" />
    <ClInclude Include="Game\Scene\GameScene.h" />
    <ClInclude Include="Game\Components\TransformComponent.h" />
    <ClInclude Include="Game\Objects\Wall.h" />
    <ClInclude Include="Game\Components\InputComponent.h" />
    <ClInclude Include="Game\Components\ColliderComponent.h" />
    <ClInclude Include="Engine\Physics\Physics.h" />
    <ClInclude Include="Game\UI\TextUI.h" />
    <ClInclude Include="Engine\AssetManager\AssetManager.h" />
    <ClInclude Include="Game\Scene\MenuScene.h" />
    <ClInclude Include="Game\UI\UI.h" />
    <ClInclude Include="Game\Map\MapManager.h" />
    <ClInclude Include="Game\Map\MapData.h" />
    <ClInclude Include="Game\Scene\Scene.h" />
    <ClInclude Include="Game\Scene\LoadingScene.h" />
    <ClInclude Include="Engine\Quadtree\QuadtreeManager.h" />
    <ClInclude Include="Game\Objects\TestEntity.h" />
    <ClInclude Include="Engine\Quadtree\Quadtree.h" />
    <ClInclude Include="Engine\Quadtree\QuadtreeNode.h" />
    <ClInclude Include="Game\Objects\Tile.h" />
    <ClInclude Include="Game\Enemy\EnemyState.h" />
    <ClInclude Include="Game\Components\SightComponent.h" />
    <ClInclude Include="Game\Scene\SettingsScene.h" />
    <ClInclude Include="Game\Scene\JoinScene.h" />
    <ClInclude Include="Game\Scene\LobbyScene.h" />
    <ClInclude Include="Game\UI\TextInputUI.h" />
    <ClInclude Include="Game\UI\DynamicUI.h" />
    <ClInclude Include="Game\Animation\Animation.h" />
    <ClInclude Include="Game\Animation\Animator.h" />
    <ClInclude Include="Game\Objects\Mine.h" />
    <ClInclude Include="Engine\Physics\Collision.h" />
    <ClInclude Include="Engine\Physics\CollisionManager.h" />
    <ClInclude Include="Engine\Audio\AudioMixer.h" />
    <ClInclude Include="Engine\Audio\SoundFX.h" />
    <ClInclude Include="Game\Objects\MineManager.h" />
    <ClInclude Include="Game\Components\MovementColliderComponent.h" />
    <ClInclude Include="Game\Map\RespawnPoint.h" />
    <ClInclude Include="Game\Components\HealthComponent.h" />
    <ClInclude Include="Game\Components\CombatComponent.h" />
    <ClInclude Include="Game\AddOns\Sword.h" />
    <ClInclude Include="Game\AddOns\MovementBounds.h" />
    <ClInclude Include="Game\Map\MobArea.h" />
    <ClInclude Include="Game\AddOns\Projectile.h" />
    <ClInclude Include="Game\Components\GamepadInputComponent.h" />
    <ClInclude Include="Game\Objects\FireballWall.h" />
  </ItemGroup>
  <ItemGroup>
    <None Include="Assets\Maps\LostMinesTestMap_GroundLayer.csv" />
    <ClInclude Include="Game\Classes\Knight.h" />
    <ClInclude Include="Game\Classes\Wizard.h" />
    <ClInclude Include="Game\Enemy\Enemy.h" />
    <ClInclude Include="Game\Classes\HeroType.h" />
    <None Include="Assets\Maps\LostMines_Walls.csv" />
    <None Include="Assets\Maps\LostMines_WallDecoration.csv" />
    <None Include="Assets\Maps\LostMines_Ground_Decoration2.csv" />
    <None Include="Assets\Maps\LostMines_GroundDecoration.csv" />
    <None Include="Assets\Maps\LostMines_GroundDecoration4.csv" />
    <None Include="Assets\Maps\LostMines_GroundLayer.csv" />
    <None Include="Assets\Maps\LostMines_RoofDecoration.csv" />
    <None Include="Assets\Maps\LostMines_roofs.csv" />
    <None Include="Assets\Maps\LostMines_GroundDecoration3.csv" />
  </ItemGroup>
</Project>